
Microsoft Visual Studio Solution File, Format Version 12.00
# Visual Studio Version 17
VisualStudioVersion = 17.0.31903.59
MinimumVisualStudioVersion = 10.0.40219.1
Project("{FAE04EC0-301F-11D3-BF4B-00C04F79EFBC}") = "PolygonSample", "src\PolygonSample.csproj", "{16340999-DCBA-4ACC-B0C9-5A1C40944046}"
EndProject
Project("{FAE04EC0-301F-11D3-BF4B-00C04F79EFBC}") = "PolygonSample.Dependencies", "dependencies\PolygonSample.Dependencies.csproj", "{180BDAAC-B739-4CF0-A38F-66A9B7526DEF}"
EndProject
Project("{FAE04EC0-301F-11D3-BF4B-00C04F79EFBC}") = "PolygonSample.Tests", "test\PolygonSample.Tests.csproj", "{29C88A58-243C-4504-8C76-CB695350A0A5}"
EndProject
Global
	GlobalSection(SolutionConfigurationPlatforms) = preSolution
		Debug|Any CPU = Debug|Any CPU
		Release|Any CPU = Release|Any CPU
	EndGlobalSection
	GlobalSection(SolutionProperties) = preSolution
		HideSolutionNode = FALSE
	EndGlobalSection
	GlobalSection(ProjectConfigurationPlatforms) = postSolution
		{16340999-DCBA-4ACC-B0C9-5A1C40944046}.Debug|Any CPU.ActiveCfg = Debug|Any CPU
		{16340999-DCBA-4ACC-B0C9-5A1C40944046}.Debug|Any CPU.Build.0 = Debug|Any CPU
		{16340999-DCBA-4ACC-B0C9-5A1C40944046}.Release|Any CPU.ActiveCfg = Release|Any CPU
		{16340999-DCBA-4ACC-B0C9-5A1C40944046}.Release|Any CPU.Build.0 = Release|Any CPU
		{180BDAAC-B739-4CF0-A38F-66A9B7526DEF}.Debug|Any CPU.ActiveCfg = Debug|Any CPU
		{180BDAAC-B739-4CF0-A38F-66A9B7526DEF}.Debug|Any CPU.Build.0 = Debug|Any CPU
		{180BDAAC-B739-4CF0-A38F-66A9B7526DEF}.Release|Any CPU.ActiveCfg = Release|Any CPU
		{180BDAAC-B739-4CF0-A38F-66A9B7526DEF}.Release|Any CPU.Build.0 = Release|Any CPU
		{29C88A58-243C-4504-8C76-CB695350A0A5}.Debug|Any CPU.ActiveCfg = Debug|Any CPU
		{29C88A58-243C-4504-8C76-CB695350A0A5}.Debug|Any CPU.Build.0 = Debug|Any CPU
		{29C88A58-243C-4504-8C76-CB695350A0A5}.Release|Any CPU.ActiveCfg = Release|Any CPU
		{29C88A58-243C-4504-8C76-CB695350A0A5}.Release|Any CPU.Build.0 = Release|Any CPU
	EndGlobalSection
EndGlobal
